
Microsoft Visual Studio Solution File, Format Version 12.00
# Visual Studio 14
VisualStudioVersion = 14.0.25420.1
MinimumVisualStudioVersion = 10.0.40219.1
Project("{FAE04EC0-301F-11D3-BF4B-00C04F79EFBC}") = "group work in lists", "group work in lists\group work in lists.csproj", "{8257C45D-C8A6-477B-865B-D9D92849D0AD}"
EndProject
Global
	GlobalSection(SolutionConfigurationPlatforms) = preSolution
		Debug|Any CPU = Debug|Any CPU
		Release|Any CPU = Release|Any CPU
	EndGlobalSection
	GlobalSection(ProjectConfigurationPlatforms) = postSolution
		{8257C45D-C8A6-477B-865B-D9D92849D0AD}.Debug|Any CPU.ActiveCfg = Debug|Any CPU
		{8257C45D-C8A6-477B-865B-D9D92849D0AD}.Debug|Any CPU.Build.0 = Debug|Any CPU
		{8257C45D-C8A6-477B-865B-D9D92849D0AD}.Release|Any CPU.ActiveCfg = Release|Any CPU
		{8257C45D-C8A6-477B-865B-D9D92849D0AD}.Release|Any CPU.Build.0 = Release|Any CPU
	EndGlobalSection
	GlobalSection(SolutionProperties) = preSolution
		HideSolutionNode = FALSE
	EndGlobalSection
EndGlobal
