
Microsoft Visual Studio Solution File, Format Version 12.00
# Visual Studio 14
VisualStudioVersion = 14.0.25420.1
MinimumVisualStudioVersion = 10.0.40219.1
Project("{FAE04EC0-301F-11D3-BF4B-00C04F79EFBC}") = "Class Cell Phone", "Class Cell Phone\Class Cell Phone.csproj", "{A5B4E455-C20E-449C-91DB-6C68DA80FCAD}"
EndProject
Global
	GlobalSection(SolutionConfigurationPlatforms) = preSolution
		Debug|Any CPU = Debug|Any CPU
		Release|Any CPU = Release|Any CPU
	EndGlobalSection
	GlobalSection(ProjectConfigurationPlatforms) = postSolution
		{A5B4E455-C20E-449C-91DB-6C68DA80FCAD}.Debug|Any CPU.ActiveCfg = Debug|Any CPU
		{A5B4E455-C20E-449C-91DB-6C68DA80FCAD}.Debug|Any CPU.Build.0 = Debug|Any CPU
		{A5B4E455-C20E-449C-91DB-6C68DA80FCAD}.Release|Any CPU.ActiveCfg = Release|Any CPU
		{A5B4E455-C20E-449C-91DB-6C68DA80FCAD}.Release|Any CPU.Build.0 = Release|Any CPU
	EndGlobalSection
	GlobalSection(SolutionProperties) = preSolution
		HideSolutionNode = FALSE
	EndGlobalSection
EndGlobal
